<?xml version="1.0" encoding="utf-8"?>
<Project ToolsVersion="4.0" xmlns="http://schemas.microsoft.com/developer/msbuild/2003">
  <ItemGroup>
    <Filter Include="Source Files">
      <UniqueIdentifier>{4FC737F1-C7A5-4376-A066-2A32D752A2FF}</UniqueIdentifier>
      <Extensions>cpp;c;cc;cxx;def;odl;idl;hpj;bat;asm;asmx</Extensions>
    </Filter>
    <Filter Include="Header Files">
      <UniqueIdentifier>{93995380-89BD-4b04-88EB-625FBE52EBFB}</UniqueIdentifier>
      <Extensions>h;hh;hpp;hxx;hm;inl;inc;xsd</Extensions>
    </Filter>
    <Filter Include="Resource Files">
      <UniqueIdentifier>{67DA6AB6-F800-4c08-8B7A-83BB121AAD01}</UniqueIdentifier>
      <Extensions>rc;ico;cur;bmp;dlg;rc2;rct;bin;rgs;gif;jpg;jpeg;jpe;resx;tiff;tif;png;wav;mfcribbon-ms</Extensions>
    </Filter>
    <Filter Include="Source Files\UnkObjects">
      <UniqueIdentifier>{7453c5a8-5ca3-43b5-aec5-ed66ea2122f3}</UniqueIdentifier>
    </Filter>
    <Filter Include="Header Files\UnkObjects">
      <UniqueIdentifier>{97e45950-21e4-4427-a7d8-1b555c43df41}</UniqueIdentifier>
    </Filter>
    <Filter Include="Header Files\DllHooks">
      <UniqueIdentifier>{c1935215-f9b4-47e9-bfc1-fc5c953cf773}</UniqueIdentifier>
    </Filter>
    <Filter Include="Source Files\DllHooks">
      <UniqueIdentifier>{516bb59f-100f-441b-a5c6-27f46a45eaf4}</UniqueIdentifier>
    </Filter>
  </ItemGroup>
  <ItemGroup>
    <ClCompile Include="src\OpenMC2.cpp">
      <Filter>Source Files</Filter>
    </ClCompile>
    <ClCompile Include="src\CommandLine.cpp">
      <Filter>Source Files</Filter>
    </ClCompile>
    <ClCompile Include="src\Logging.cpp">
      <Filter>Source Files</Filter>
    </ClCompile>
    <ClCompile Include="src\Game.cpp">
      <Filter>Source Files</Filter>
    </ClCompile>
    <ClCompile Include="src\UnkObjects\unk5769E0.cpp">
      <Filter>Source Files\UnkObjects</Filter>
    </ClCompile>
    <ClCompile Include="src\Config.cpp">
      <Filter>Source Files</Filter>
    </ClCompile>
    <ClCompile Include="src\Memory.cpp">
      <Filter>Source Files</Filter>
    </ClCompile>
    <ClCompile Include="src\UnkObjects\unk613330.cpp">
      <Filter>Source Files\UnkObjects</Filter>
    </ClCompile>
    <ClCompile Include="src\UnkObjects\unk613360.cpp">
      <Filter>Source Files\UnkObjects</Filter>
    </ClCompile>
    <ClCompile Include="src\UnkObjects\unk616420.cpp">
      <Filter>Source Files\UnkObjects</Filter>
    </ClCompile>
    <ClCompile Include="src\Settings.cpp">
      <Filter>Source Files</Filter>
    </ClCompile>
    <ClCompile Include="src\FileHandler.cpp">
      <Filter>Source Files</Filter>
    </ClCompile>
    <ClCompile Include="src\DllHooks\DllHooks.cpp">
      <Filter>Source Files\DllHooks</Filter>
    </ClCompile>
    <ClCompile Include="src\CInit.cpp">
      <Filter>Source Files</Filter>
    </ClCompile>
    <ClCompile Include="src\UnkObjects\unk5DDA50.cpp">
      <Filter>Source Files\UnkObjects</Filter>
    </ClCompile>
    <ClCompile Include="src\UnkObjects\unk612850.cpp">
      <Filter>Source Files\UnkObjects</Filter>
    </ClCompile>
    <ClCompile Include="src\UnkObjects\unk860688.cpp">
      <Filter>Source Files\UnkObjects</Filter>
    </ClCompile>
  </ItemGroup>
  <ItemGroup>
    <ClInclude Include="src\Addresses.hpp">
      <Filter>Header Files</Filter>
    </ClInclude>
    <ClInclude Include="src\CommandLine.hpp">
      <Filter>Header Files</Filter>
    </ClInclude>
    <ClInclude Include="src\Logging.hpp">
      <Filter>Header Files</Filter>
    </ClInclude>
    <ClInclude Include="src\Game.hpp">
      <Filter>Header Files</Filter>
    </ClInclude>
    <ClInclude Include="src\UnkObjects\unk5769E0.hpp">
      <Filter>Header Files\UnkObjects</Filter>
    </ClInclude>
    <ClInclude Include="src\UnkObjects\unk402560.hpp">
      <Filter>Header Files\UnkObjects</Filter>
    </ClInclude>
    <ClInclude Include="src\UnkObjects\unk600960.hpp">
      <Filter>Header Files\UnkObjects</Filter>
    </ClInclude>
    <ClInclude Include="src\UnkObjects\unk613360.hpp">
      <Filter>Header Files\UnkObjects</Filter>
    </ClInclude>
    <ClInclude Include="src\Config.hpp">
      <Filter>Header Files</Filter>
    </ClInclude>
    <ClInclude Include="src\Memory.hpp">
      <Filter>Header Files</Filter>
    </ClInclude>
    <ClInclude Include="src\UnkObjects\unk577510.hpp">
      <Filter>Header Files\UnkObjects</Filter>
    </ClInclude>
    <ClInclude Include="src\UnkObjects\unk613330.hpp">
      <Filter>Header Files\UnkObjects</Filter>
    </ClInclude>
    <ClInclude Include="src\UnkObjects\unk616420.hpp">
      <Filter>Header Files\UnkObjects</Filter>
    </ClInclude>
    <ClInclude Include="src\Settings.hpp">
      <Filter>Header Files</Filter>
    </ClInclude>
    <ClInclude Include="src\FileHandler.hpp">
      <Filter>Header Files</Filter>
    </ClInclude>
    <ClInclude Include="src\DllHooks\DllHooks.hpp">
      <Filter>Header Files\DllHooks</Filter>
    </ClInclude>
    <ClInclude Include="src\DllHooks\BinkSymbols.hpp">
      <Filter>Header Files\DllHooks</Filter>
    </ClInclude>
    <ClInclude Include="src\DllHooks\MssSymbols.hpp">
      <Filter>Header Files\DllHooks</Filter>
    </ClInclude>
    <ClInclude Include="src\UnkObjects\unk611C60.hpp">
      <Filter>Header Files\UnkObjects</Filter>
    </ClInclude>
    <ClInclude Include="src\UnkObjects\unk4701A0.hpp">
      <Filter>Header Files\UnkObjects</Filter>
    </ClInclude>
    <ClInclude Include="src\UnkObjects\unk47BEA0.hpp">
      <Filter>Header Files\UnkObjects</Filter>
    </ClInclude>
    <ClInclude Include="src\UnkObjects\unk579410.hpp">
      <Filter>Header Files\UnkObjects</Filter>
    </ClInclude>
    <ClInclude Include="src\UnkObjects\unk515240.hpp">
      <Filter>Header Files\UnkObjects</Filter>
    </ClInclude>
    <ClInclude Include="src\UnkObjects\unk53AF00.hpp">
      <Filter>Header Files\UnkObjects</Filter>
    </ClInclude>
    <ClInclude Include="src\UnkObjects\unk53E8D0.hpp">
      <Filter>Header Files\UnkObjects</Filter>
    </ClInclude>
    <ClInclude Include="src\UnkObjects\unk612850.hpp">
      <Filter>Header Files\UnkObjects</Filter>
    </ClInclude>
    <ClInclude Include="src\UnkObjects\unk404B90.hpp">
      <Filter>Header Files\UnkObjects</Filter>
    </ClInclude>
    <ClInclude Include="src\UnkObjects\unk5406A0.hpp">
      <Filter>Header Files\UnkObjects</Filter>
    </ClInclude>
    <ClInclude Include="src\UnkObjects\unk546DA0.hpp">
      <Filter>Header Files\UnkObjects</Filter>
    </ClInclude>
    <ClInclude Include="src\UnkObjects\unk860688.hpp">
      <Filter>Header Files\UnkObjects</Filter>
    </ClInclude>
    <ClInclude Include="src\UnkObjects\unk59D370.hpp">
      <Filter>Header Files\UnkObjects</Filter>
    </ClInclude>
    <ClInclude Include="src\UnkObjects\unk5D6A30.hpp">
      <Filter>Header Files\UnkObjects</Filter>
    </ClInclude>
    <ClInclude Include="src\UnkObjects\unk5DDA50.hpp">
      <Filter>Header Files\UnkObjects</Filter>
    </ClInclude>
    <ClInclude Include="src\UnkObjects\unk5E14C0.hpp">
      <Filter>Header Files\UnkObjects</Filter>
    </ClInclude>
    <ClInclude Include="src\UnkObjects\unk5FB2E0.hpp">
      <Filter>Header Files\UnkObjects</Filter>
    </ClInclude>
    <ClInclude Include="src\UnkObjects\unk5EDA70.hpp">
      <Filter>Header Files\UnkObjects</Filter>
    </ClInclude>
    <ClInclude Include="src\UnkObjects\unk602740.hpp">
      <Filter>Header Files\UnkObjects</Filter>
    </ClInclude>
    <ClInclude Include="src\UnkObjects\unk614370.hpp">
      <Filter>Header Files\UnkObjects</Filter>
    </ClInclude>
    <ClInclude Include="src\UnkObjects\unk6144B0.hpp">
      <Filter>Header Files\UnkObjects</Filter>
    </ClInclude>
  </ItemGroup>
</Project>