
Microsoft Visual Studio Solution File, Format Version 12.00
# Visual Studio 14
VisualStudioVersion = 14.0.25420.1
MinimumVisualStudioVersion = 10.0.40219.1
Project("{8BC9CEB8-8B4A-11D0-8D11-00A0C91BC942}") = "OpenMC2", "OpenMC2.vcxproj", "{62DC3335-9128-4AFE-B11A-743AC0AB25D5}"
	ProjectSection(ProjectDependencies) = postProject
		{DFCC0C0C-E32B-42CD-951B-AE7B4516CB81} = {DFCC0C0C-E32B-42CD-951B-AE7B4516CB81}
	EndProjectSection
EndProject
Project("{8BC9CEB8-8B4A-11D0-8D11-00A0C91BC942}") = "Libs", "Scripts\Libs.vcxproj", "{DFCC0C0C-E32B-42CD-951B-AE7B4516CB81}"
EndProject
Global
	GlobalSection(SolutionConfigurationPlatforms) = preSolution
		Debug|x86 = Debug|x86
		Release|x86 = Release|x86
	EndGlobalSection
	GlobalSection(ProjectConfigurationPlatforms) = postSolution
		{62DC3335-9128-4AFE-B11A-743AC0AB25D5}.Debug|x86.ActiveCfg = Debug|Win32
		{62DC3335-9128-4AFE-B11A-743AC0AB25D5}.Debug|x86.Build.0 = Debug|Win32
		{62DC3335-9128-4AFE-B11A-743AC0AB25D5}.Release|x86.ActiveCfg = Release|Win32
		{62DC3335-9128-4AFE-B11A-743AC0AB25D5}.Release|x86.Build.0 = Release|Win32
		{DFCC0C0C-E32B-42CD-951B-AE7B4516CB81}.Debug|x86.ActiveCfg = Debug|Win32
		{DFCC0C0C-E32B-42CD-951B-AE7B4516CB81}.Debug|x86.Build.0 = Debug|Win32
		{DFCC0C0C-E32B-42CD-951B-AE7B4516CB81}.Release|x86.ActiveCfg = Release|Win32
		{DFCC0C0C-E32B-42CD-951B-AE7B4516CB81}.Release|x86.Build.0 = Release|Win32
	EndGlobalSection
	GlobalSection(SolutionProperties) = preSolution
		HideSolutionNode = FALSE
	EndGlobalSection
EndGlobal
